
Microsoft Visual Studio Solution File, Format Version 12.00
# Visual Studio Version 17
VisualStudioVersion = 17.7.34031.279
MinimumVisualStudioVersion = 10.0.40219.1
Project("{FAE04EC0-301F-11D3-BF4B-00C04F79EFBC}") = "Krosoft.CLI", "src\Krosoft.CLI\Krosoft.CLI.csproj", "{BA0A94B2-9DB2-3F90-7780-AA8C7447AD28}"
EndProject
Project("{FAE04EC0-301F-11D3-BF4B-00C04F79EFBC}") = "Krosoft.CLI.Tests", "tests\Krosoft.CLI.Tests\Krosoft.CLI.Tests.csproj", "{ECC6C4CC-4A53-4B42-365A-478D4FC23364}"
EndProject
Global
	GlobalSection(SolutionConfigurationPlatforms) = preSolution
		Debug|Any CPU = Debug|Any CPU
		Release|Any CPU = Release|Any CPU
	EndGlobalSection
	GlobalSection(ProjectConfigurationPlatforms) = postSolution
		{BA0A94B2-9DB2-3F90-7780-AA8C7447AD28}.Debug|Any CPU.ActiveCfg = Debug|Any CPU
		{BA0A94B2-9DB2-3F90-7780-AA8C7447AD28}.Debug|Any CPU.Build.0 = Debug|Any CPU
		{BA0A94B2-9DB2-3F90-7780-AA8C7447AD28}.Release|Any CPU.ActiveCfg = Release|Any CPU
		{BA0A94B2-9DB2-3F90-7780-AA8C7447AD28}.Release|Any CPU.Build.0 = Release|Any CPU
		{ECC6C4CC-4A53-4B42-365A-478D4FC23364}.Debug|Any CPU.ActiveCfg = Debug|Any CPU
		{ECC6C4CC-4A53-4B42-365A-478D4FC23364}.Debug|Any CPU.Build.0 = Debug|Any CPU
		{ECC6C4CC-4A53-4B42-365A-478D4FC23364}.Release|Any CPU.ActiveCfg = Release|Any CPU
		{ECC6C4CC-4A53-4B42-365A-478D4FC23364}.Release|Any CPU.Build.0 = Release|Any CPU
	EndGlobalSection
	GlobalSection(SolutionProperties) = preSolution
		HideSolutionNode = FALSE
	EndGlobalSection
	GlobalSection(ExtensibilityGlobals) = postSolution
		SolutionGuid = {7FD07ECB-B4B5-4D65-8E03-10F0C97C77A9}
	EndGlobalSection
EndGlobal
